
Microsoft Visual Studio Solution File, Format Version 12.00
# Visual Studio 14
VisualStudioVersion = 14.0.24720.0
MinimumVisualStudioVersion = 10.0.40219.1
Project("{2150E333-8FDC-42A3-9474-1A3956D46DE8}") = "External", "External", "{C8D6D3B6-84D4-4B20-854D-FC9D92D7F7D8}"
EndProject
Project("{FAE04EC0-301F-11D3-BF4B-00C04F79EFBC}") = "Xwt", "..\External\Xwt\Xwt\Xwt.csproj", "{92494904-35FA-4DC9-BDE9-3A3E87AC49D3}"
EndProject
Project("{FAE04EC0-301F-11D3-BF4B-00C04F79EFBC}") = "OxyPlot.Xwt", "OxyPlot.Xwt\OxyPlot.Xwt.csproj", "{4803717E-3DD6-4E91-99D2-5E19499552AF}"
EndProject
Project("{FAE04EC0-301F-11D3-BF4B-00C04F79EFBC}") = "OxyPlot.Xwt_NET40", "OxyPlot.Xwt\OxyPlot.Xwt_NET40.csproj", "{3127C515-ED97-42E9-8915-C64584DC3194}"
EndProject
Global
	GlobalSection(SolutionConfigurationPlatforms) = preSolution
		Debug|Any CPU = Debug|Any CPU
		Debug|ARM = Debug|ARM
		Debug|iPhone = Debug|iPhone
		Debug|iPhoneSimulator = Debug|iPhoneSimulator
		Debug|x64 = Debug|x64
		Debug|x86 = Debug|x86
		Release|Any CPU = Release|Any CPU
		Release|ARM = Release|ARM
		Release|iPhone = Release|iPhone
		Release|iPhoneSimulator = Release|iPhoneSimulator
		Release|x64 = Release|x64
		Release|x86 = Release|x86
	EndGlobalSection
	GlobalSection(ProjectConfigurationPlatforms) = postSolution
		{92494904-35FA-4DC9-BDE9-3A3E87AC49D3}.Debug|Any CPU.ActiveCfg = Debug|Any CPU
		{92494904-35FA-4DC9-BDE9-3A3E87AC49D3}.Debug|Any CPU.Build.0 = Debug|Any CPU
		{92494904-35FA-4DC9-BDE9-3A3E87AC49D3}.Debug|ARM.ActiveCfg = Debug|Any CPU
		{92494904-35FA-4DC9-BDE9-3A3E87AC49D3}.Debug|ARM.Build.0 = Debug|Any CPU
		{92494904-35FA-4DC9-BDE9-3A3E87AC49D3}.Debug|iPhone.ActiveCfg = Debug|Any CPU
		{92494904-35FA-4DC9-BDE9-3A3E87AC49D3}.Debug|iPhone.Build.0 = Debug|Any CPU
		{92494904-35FA-4DC9-BDE9-3A3E87AC49D3}.Debug|iPhoneSimulator.ActiveCfg = Debug|Any CPU
		{92494904-35FA-4DC9-BDE9-3A3E87AC49D3}.Debug|iPhoneSimulator.Build.0 = Debug|Any CPU
		{92494904-35FA-4DC9-BDE9-3A3E87AC49D3}.Debug|x64.ActiveCfg = Debug|Any CPU
		{92494904-35FA-4DC9-BDE9-3A3E87AC49D3}.Debug|x86.ActiveCfg = Debug|Any CPU
		{92494904-35FA-4DC9-BDE9-3A3E87AC49D3}.Debug|x86.Build.0 = Debug|Any CPU
		{92494904-35FA-4DC9-BDE9-3A3E87AC49D3}.Release|Any CPU.ActiveCfg = Release|Any CPU
		{92494904-35FA-4DC9-BDE9-3A3E87AC49D3}.Release|Any CPU.Build.0 = Release|Any CPU
		{92494904-35FA-4DC9-BDE9-3A3E87AC49D3}.Release|ARM.ActiveCfg = Release|Any CPU
		{92494904-35FA-4DC9-BDE9-3A3E87AC49D3}.Release|iPhone.ActiveCfg = Release|Any CPU
		{92494904-35FA-4DC9-BDE9-3A3E87AC49D3}.Release|iPhone.Build.0 = Release|Any CPU
		{92494904-35FA-4DC9-BDE9-3A3E87AC49D3}.Release|iPhoneSimulator.ActiveCfg = Release|Any CPU
		{92494904-35FA-4DC9-BDE9-3A3E87AC49D3}.Release|iPhoneSimulator.Build.0 = Release|Any CPU
		{92494904-35FA-4DC9-BDE9-3A3E87AC49D3}.Release|x64.ActiveCfg = Release|Any CPU
		{92494904-35FA-4DC9-BDE9-3A3E87AC49D3}.Release|x86.ActiveCfg = Release|Any CPU
		{4803717E-3DD6-4E91-99D2-5E19499552AF}.Debug|Any CPU.ActiveCfg = Debug|Any CPU
		{4803717E-3DD6-4E91-99D2-5E19499552AF}.Debug|Any CPU.Build.0 = Debug|Any CPU
		{4803717E-3DD6-4E91-99D2-5E19499552AF}.Debug|ARM.ActiveCfg = Debug|Any CPU
		{4803717E-3DD6-4E91-99D2-5E19499552AF}.Debug|ARM.Build.0 = Debug|Any CPU
		{4803717E-3DD6-4E91-99D2-5E19499552AF}.Debug|iPhone.ActiveCfg = Debug|Any CPU
		{4803717E-3DD6-4E91-99D2-5E19499552AF}.Debug|iPhone.Build.0 = Debug|Any CPU
		{4803717E-3DD6-4E91-99D2-5E19499552AF}.Debug|iPhoneSimulator.ActiveCfg = Debug|Any CPU
		{4803717E-3DD6-4E91-99D2-5E19499552AF}.Debug|iPhoneSimulator.Build.0 = Debug|Any CPU
		{4803717E-3DD6-4E91-99D2-5E19499552AF}.Debug|x64.ActiveCfg = Debug|Any CPU
		{4803717E-3DD6-4E91-99D2-5E19499552AF}.Debug|x86.ActiveCfg = Debug|Any CPU
		{4803717E-3DD6-4E91-99D2-5E19499552AF}.Debug|x86.Build.0 = Debug|Any CPU
		{4803717E-3DD6-4E91-99D2-5E19499552AF}.Release|Any CPU.ActiveCfg = Release|Any CPU
		{4803717E-3DD6-4E91-99D2-5E19499552AF}.Release|Any CPU.Build.0 = Release|Any CPU
		{4803717E-3DD6-4E91-99D2-5E19499552AF}.Release|ARM.ActiveCfg = Release|Any CPU
		{4803717E-3DD6-4E91-99D2-5E19499552AF}.Release|iPhone.ActiveCfg = Release|Any CPU
		{4803717E-3DD6-4E91-99D2-5E19499552AF}.Release|iPhone.Build.0 = Release|Any CPU
		{4803717E-3DD6-4E91-99D2-5E19499552AF}.Release|iPhoneSimulator.ActiveCfg = Release|Any CPU
		{4803717E-3DD6-4E91-99D2-5E19499552AF}.Release|iPhoneSimulator.Build.0 = Release|Any CPU
		{4803717E-3DD6-4E91-99D2-5E19499552AF}.Release|x64.ActiveCfg = Release|Any CPU
		{4803717E-3DD6-4E91-99D2-5E19499552AF}.Release|x86.ActiveCfg = Release|Any CPU
		{3127C515-ED97-42E9-8915-C64584DC3194}.Debug|Any CPU.ActiveCfg = Debug|Any CPU
		{3127C515-ED97-42E9-8915-C64584DC3194}.Debug|Any CPU.Build.0 = Debug|Any CPU
		{3127C515-ED97-42E9-8915-C64584DC3194}.Debug|ARM.ActiveCfg = Debug|Any CPU
		{3127C515-ED97-42E9-8915-C64584DC3194}.Debug|ARM.Build.0 = Debug|Any CPU
		{3127C515-ED97-42E9-8915-C64584DC3194}.Debug|iPhone.ActiveCfg = Debug|Any CPU
		{3127C515-ED97-42E9-8915-C64584DC3194}.Debug|iPhone.Build.0 = Debug|Any CPU
		{3127C515-ED97-42E9-8915-C64584DC3194}.Debug|iPhoneSimulator.ActiveCfg = Debug|Any CPU
		{3127C515-ED97-42E9-8915-C64584DC3194}.Debug|iPhoneSimulator.Build.0 = Debug|Any CPU
		{3127C515-ED97-42E9-8915-C64584DC3194}.Debug|x64.ActiveCfg = Debug|Any CPU
		{3127C515-ED97-42E9-8915-C64584DC3194}.Debug|x86.ActiveCfg = Debug|Any CPU
		{3127C515-ED97-42E9-8915-C64584DC3194}.Debug|x86.Build.0 = Debug|Any CPU
		{3127C515-ED97-42E9-8915-C64584DC3194}.Release|Any CPU.ActiveCfg = Release|Any CPU
		{3127C515-ED97-42E9-8915-C64584DC3194}.Release|Any CPU.Build.0 = Release|Any CPU
		{3127C515-ED97-42E9-8915-C64584DC3194}.Release|ARM.ActiveCfg = Release|Any CPU
		{3127C515-ED97-42E9-8915-C64584DC3194}.Release|iPhone.ActiveCfg = Release|Any CPU
		{3127C515-ED97-42E9-8915-C64584DC3194}.Release|iPhone.Build.0 = Release|Any CPU
		{3127C515-ED97-42E9-8915-C64584DC3194}.Release|iPhoneSimulator.ActiveCfg = Release|Any CPU
		{3127C515-ED97-42E9-8915-C64584DC3194}.Release|iPhoneSimulator.Build.0 = Release|Any CPU
		{3127C515-ED97-42E9-8915-C64584DC3194}.Release|x64.ActiveCfg = Release|Any CPU
		{3127C515-ED97-42E9-8915-C64584DC3194}.Release|x86.ActiveCfg = Release|Any CPU
	EndGlobalSection
	GlobalSection(SolutionProperties) = preSolution
		HideSolutionNode = FALSE
	EndGlobalSection
	GlobalSection(NestedProjects) = preSolution
		{92494904-35FA-4DC9-BDE9-3A3E87AC49D3} = {C8D6D3B6-84D4-4B20-854D-FC9D92D7F7D8}
	EndGlobalSection
EndGlobal
